// !$*UTF8*$!
{
	archiveVersion = 1;
	classes = {
	};
	objectVersion = 60;
	objects = {

/* Begin PBXBuildFile section */
		300C2A7D217751CA00F29660 /* AmiiboAPI.swift in Sources */ = {isa = PBXBuildFile; fileRef = 300C2A7C217751CA00F29660 /* AmiiboAPI.swift */; };
		300C8DAA2179F6A800BB5E54 /* AmiiboPreviewViewController.swift in Sources */ = {isa = PBXBuildFile; fileRef = 300C8DA92179F6A800BB5E54 /* AmiiboPreviewViewController.swift */; };
		300C8DAD2179FBB600BB5E54 /* AmiiboDisplayProtocol.swift in Sources */ = {isa = PBXBuildFile; fileRef = 300C8DAC2179FBB600BB5E54 /* AmiiboDisplayProtocol.swift */; };
		300CD056217E1D2700955785 /* NotificationService.swift in Sources */ = {isa = PBXBuildFile; fileRef = 300CD055217E1D2700955785 /* NotificationService.swift */; };
		300CD05A217E1D2700955785 /* AmiiboUpdateService.appex in Embed Foundation Extensions */ = {isa = PBXBuildFile; fileRef = 300CD053217E1D2700955785 /* AmiiboUpdateService.appex */; settings = {ATTRIBUTES = (RemoveHeadersOnCopy, ); }; };
		300CD6C0217604150075FA2F /* AppDelegate.swift in Sources */ = {isa = PBXBuildFile; fileRef = 300CD6BF217604150075FA2F /* AppDelegate.swift */; };
		300CD6C2217604150075FA2F /* MyShelfViewController.swift in Sources */ = {isa = PBXBuildFile; fileRef = 300CD6C1217604150075FA2F /* MyShelfViewController.swift */; };
		300CD6C5217604150075FA2F /* Main.storyboard in Resources */ = {isa = PBXBuildFile; fileRef = 300CD6C3217604150075FA2F /* Main.storyboard */; };
		300CD6C8217604150075FA2F /* AmiiboShelf.xcdatamodeld in Sources */ = {isa = PBXBuildFile; fileRef = 300CD6C6217604150075FA2F /* AmiiboShelf.xcdatamodeld */; };
		300CD6CA217604190075FA2F /* Assets.xcassets in Resources */ = {isa = PBXBuildFile; fileRef = 300CD6C9217604190075FA2F /* Assets.xcassets */; };
		300CD6CD217604190075FA2F /* LaunchScreen.storyboard in Resources */ = {isa = PBXBuildFile; fileRef = 300CD6CB217604190075FA2F /* LaunchScreen.storyboard */; };
		300CD6E3217604190075FA2F /* AmiiboShelfUITests.swift in Sources */ = {isa = PBXBuildFile; fileRef = 300CD6E2217604190075FA2F /* AmiiboShelfUITests.swift */; };
		300CD6F221760C7B0075FA2F /* ShelfItemCollectionViewCell.swift in Sources */ = {isa = PBXBuildFile; fileRef = 300CD6F121760C7B0075FA2F /* ShelfItemCollectionViewCell.swift */; };
		300CD6F421760DC60075FA2F /* FigureViewController.swift in Sources */ = {isa = PBXBuildFile; fileRef = 300CD6F321760DC60075FA2F /* FigureViewController.swift */; };
		300CD6F621760DE60075FA2F /* CardViewController.swift in Sources */ = {isa = PBXBuildFile; fileRef = 300CD6F521760DE60075FA2F /* CardViewController.swift */; };
		300CD6F8217614490075FA2F /* FigureItemTableViewCell.swift in Sources */ = {isa = PBXBuildFile; fileRef = 300CD6F7217614490075FA2F /* FigureItemTableViewCell.swift */; };
		300CD6FE21761CA10075FA2F /* CardItemCollectionViewCell.swift in Sources */ = {isa = PBXBuildFile; fileRef = 300CD6FD21761CA10075FA2F /* CardItemCollectionViewCell.swift */; };
		300CD7002176208B0075FA2F /* AmiiboDetailViewController.swift in Sources */ = {isa = PBXBuildFile; fileRef = 300CD6FF2176208B0075FA2F /* AmiiboDetailViewController.swift */; };
		300CD702217620AD0075FA2F /* AmiiboShelfDelegate.swift in Sources */ = {isa = PBXBuildFile; fileRef = 300CD701217620AD0075FA2F /* AmiiboShelfDelegate.swift */; };
		300CD707217623F40075FA2F /* AmiiboViewController.swift in Sources */ = {isa = PBXBuildFile; fileRef = 300CD706217623F40075FA2F /* AmiiboViewController.swift */; };
		300CD7092176266C0075FA2F /* AmiiboCoreDataManager.swift in Sources */ = {isa = PBXBuildFile; fileRef = 300CD7082176266C0075FA2F /* AmiiboCoreDataManager.swift */; };
		300CD70C21762D760075FA2F /* AmiiboAPI+Images.swift in Sources */ = {isa = PBXBuildFile; fileRef = 300CD70B21762D760075FA2F /* AmiiboAPI+Images.swift */; };
		300CD712217630D10075FA2F /* Amiibo.swift in Sources */ = {isa = PBXBuildFile; fileRef = 300CD711217630D10075FA2F /* Amiibo.swift */; };
		300D0A3A217F412300CB2D71 /* AmiiboDataDelegate.swift in Sources */ = {isa = PBXBuildFile; fileRef = 300D0A39217F412300CB2D71 /* AmiiboDataDelegate.swift */; };
		3010429221809BDD003CB121 /* CustomTabBarController.swift in Sources */ = {isa = PBXBuildFile; fileRef = 3010429121809BDD003CB121 /* CustomTabBarController.swift */; };
		3019D1E32ADA2F210019296A /* View+Color.swift in Sources */ = {isa = PBXBuildFile; fileRef = 3019D1E22ADA2F210019296A /* View+Color.swift */; };
		3019D1E52ADA3D140019296A /* View+Interaction.swift in Sources */ = {isa = PBXBuildFile; fileRef = 3019D1E42ADA3D140019296A /* View+Interaction.swift */; };
		3019D1EA2ADB1E220019296A /* AmiiboShelfApp+Notifications.swift in Sources */ = {isa = PBXBuildFile; fileRef = 3019D1E92ADB1E220019296A /* AmiiboShelfApp+Notifications.swift */; };
		301E31FB2AE08DCB0098DD96 /* Amiibo+Placeholders.swift in Sources */ = {isa = PBXBuildFile; fileRef = 301E31FA2AE08DCB0098DD96 /* Amiibo+Placeholders.swift */; };
		301E31FD2AE0BADC0098DD96 /* UIImage+Flags.swift in Sources */ = {isa = PBXBuildFile; fileRef = 301E31FC2AE0BADC0098DD96 /* UIImage+Flags.swift */; };
		3020B1EA2ACDD5C700028360 /* Core in Frameworks */ = {isa = PBXBuildFile; productRef = 3020B1E92ACDD5C700028360 /* Core */; };
		3020B1EC2ACDD78300028360 /* AmiiboAPI+Endpoint.swift in Sources */ = {isa = PBXBuildFile; fileRef = 3020B1EB2ACDD78300028360 /* AmiiboAPI+Endpoint.swift */; };
		302756C12AA55571000C241A /* CoreDataManager+Amiibo.swift in Sources */ = {isa = PBXBuildFile; fileRef = 302756C02AA55571000C241A /* CoreDataManager+Amiibo.swift */; };
		302EBD252AA65CC200379E8A /* DateFormatter+Amiibo.swift in Sources */ = {isa = PBXBuildFile; fileRef = 302EBD242AA65CC200379E8A /* DateFormatter+Amiibo.swift */; };
		303415AD2ABB5C52000FA2F0 /* AmiiboFigureExplorerView.swift in Sources */ = {isa = PBXBuildFile; fileRef = 303415AC2ABB5C52000FA2F0 /* AmiiboFigureExplorerView.swift */; };
		303415AF2ABB5C5F000FA2F0 /* AmiiboCardExplorerView.swift in Sources */ = {isa = PBXBuildFile; fileRef = 303415AE2ABB5C5F000FA2F0 /* AmiiboCardExplorerView.swift */; };
		303415B12ABB5C6B000FA2F0 /* MyShelfView.swift in Sources */ = {isa = PBXBuildFile; fileRef = 303415B02ABB5C6B000FA2F0 /* MyShelfView.swift */; };
		303415B32ABBB024000FA2F0 /* AmiiboDetailView.swift in Sources */ = {isa = PBXBuildFile; fileRef = 303415B22ABBB024000FA2F0 /* AmiiboDetailView.swift */; };
		308D7BF42ABE4CCF002F7CBA /* AmiiboShelfPreviewContainer.swift in Sources */ = {isa = PBXBuildFile; fileRef = 308D7BF32ABE4CCF002F7CBA /* AmiiboShelfPreviewContainer.swift */; };
		308DB0792ABE356800BC8FA4 /* AmiiboShelfDataContainer.swift in Sources */ = {isa = PBXBuildFile; fileRef = 308DB0782ABE356800BC8FA4 /* AmiiboShelfDataContainer.swift */; };
		3096DC4F2AD9DDEB009E2FA4 /* Amiibo+CoreData.swift in Sources */ = {isa = PBXBuildFile; fileRef = 3096DC4E2AD9DDEB009E2FA4 /* Amiibo+CoreData.swift */; };
		30B184E22ABDDD1000C0C4EA /* ReleaseDateInfo.swift in Sources */ = {isa = PBXBuildFile; fileRef = 30B184E12ABDDD1000C0C4EA /* ReleaseDateInfo.swift */; };
		30B184E42ABDEC7600C0C4EA /* SwiftDataManager+Amiibo.swift in Sources */ = {isa = PBXBuildFile; fileRef = 30B184E32ABDEC7600C0C4EA /* SwiftDataManager+Amiibo.swift */; };
		30B4591E2ABB3D4E0015AA07 /* AmiiboShelfApp.swift in Sources */ = {isa = PBXBuildFile; fileRef = 30B4591D2ABB3D4E0015AA07 /* AmiiboShelfApp.swift */; };
		30B459222ABB3E810015AA07 /* ContentView.swift in Sources */ = {isa = PBXBuildFile; fileRef = 30B459212ABB3E810015AA07 /* ContentView.swift */; };
		30C5D3412AA533610056AFAE /* AmiiboAPI+Model.swift in Sources */ = {isa = PBXBuildFile; fileRef = 30C5D3402AA533610056AFAE /* AmiiboAPI+Model.swift */; };
		30E3213D2ACC5C8400639767 /* AmiiboCardView.swift in Sources */ = {isa = PBXBuildFile; fileRef = 30E3213C2ACC5C8400639767 /* AmiiboCardView.swift */; };
		30E3213F2ACC5C9500639767 /* AmiiboThumbnailView.swift in Sources */ = {isa = PBXBuildFile; fileRef = 30E3213E2ACC5C9500639767 /* AmiiboThumbnailView.swift */; };
		30E321412ACC5D5E00639767 /* AmiiboFigureView.swift in Sources */ = {isa = PBXBuildFile; fileRef = 30E321402ACC5D5E00639767 /* AmiiboFigureView.swift */; };
		30E382FE2ACC7DA70059DF3F /* AmiiboView.swift in Sources */ = {isa = PBXBuildFile; fileRef = 30E382FD2ACC7DA70059DF3F /* AmiiboView.swift */; };
		30F062302ACCBB2900CD151F /* AmiiboExplorerView.swift in Sources */ = {isa = PBXBuildFile; fileRef = 30F0622F2ACCBB2900CD151F /* AmiiboExplorerView.swift */; };
		30F5426B2AF85B7900A707A8 /* AmiiboAPI+Tests.swift in Sources */ = {isa = PBXBuildFile; fileRef = 30F5426A2AF85B7900A707A8 /* AmiiboAPI+Tests.swift */; };
/* End PBXBuildFile section */

/* Begin PBXContainerItemProxy section */
		300CD058217E1D2700955785 /* PBXContainerItemProxy */ = {
			isa = PBXContainerItemProxy;
			containerPortal = 300CD6B4217604150075FA2F /* Project object */;
			proxyType = 1;
			remoteGlobalIDString = 300CD052217E1D2700955785;
			remoteInfo = AmiiboUpdateService;
		};
		300CD6D4217604190075FA2F /* PBXContainerItemProxy */ = {
			isa = PBXContainerItemProxy;
			containerPortal = 300CD6B4217604150075FA2F /* Project object */;
			proxyType = 1;
			remoteGlobalIDString = 300CD6BB217604150075FA2F;
			remoteInfo = AmiiboShelf;
		};
		300CD6DF217604190075FA2F /* PBXContainerItemProxy */ = {
			isa = PBXContainerItemProxy;
			containerPortal = 300CD6B4217604150075FA2F /* Project object */;
			proxyType = 1;
			remoteGlobalIDString = 300CD6BB217604150075FA2F;
			remoteInfo = AmiiboShelf;
		};
/* End PBXContainerItemProxy section */

/* Begin PBXCopyFilesBuildPhase section */
		300CD05E217E1D2700955785 /* Embed Foundation Extensions */ = {
			isa = PBXCopyFilesBuildPhase;
			buildActionMask = 2147483647;
			dstPath = "";
			dstSubfolderSpec = 13;
			files = (
				300CD05A217E1D2700955785 /* AmiiboUpdateService.appex in Embed Foundation Extensions */,
			);
			name = "Embed Foundation Extensions";
			runOnlyForDeploymentPostprocessing = 0;
		};
/* End PBXCopyFilesBuildPhase section */

/* Begin PBXFileReference section */
		300C2A7C217751CA00F29660 /* AmiiboAPI.swift */ = {isa = PBXFileReference; lastKnownFileType = sourcecode.swift; path = AmiiboAPI.swift; sourceTree = "<group>"; };
		300C8DA92179F6A800BB5E54 /* AmiiboPreviewViewController.swift */ = {isa = PBXFileReference; lastKnownFileType = sourcecode.swift; path = AmiiboPreviewViewController.swift; sourceTree = "<group>"; };
		300C8DAC2179FBB600BB5E54 /* AmiiboDisplayProtocol.swift */ = {isa = PBXFileReference; lastKnownFileType = sourcecode.swift; path = AmiiboDisplayProtocol.swift; sourceTree = "<group>"; };
		300CD04E217E0DD300955785 /* AmiiboShelf.entitlements */ = {isa = PBXFileReference; lastKnownFileType = text.plist.entitlements; path = AmiiboShelf.entitlements; sourceTree = "<group>"; };
		300CD053217E1D2700955785 /* AmiiboUpdateService.appex */ = {isa = PBXFileReference; explicitFileType = "wrapper.app-extension"; includeInIndex = 0; path = AmiiboUpdateService.appex; sourceTree = BUILT_PRODUCTS_DIR; };
		300CD055217E1D2700955785 /* NotificationService.swift */ = {isa = PBXFileReference; lastKnownFileType = sourcecode.swift; path = NotificationService.swift; sourceTree = "<group>"; };
		300CD057217E1D2700955785 /* Info.plist */ = {isa = PBXFileReference; lastKnownFileType = text.plist.xml; path = Info.plist; sourceTree = "<group>"; };
		300CD6BC217604150075FA2F /* AmiiboShelf.app */ = {isa = PBXFileReference; explicitFileType = wrapper.application; includeInIndex = 0; path = AmiiboShelf.app; sourceTree = BUILT_PRODUCTS_DIR; };
		300CD6BF217604150075FA2F /* AppDelegate.swift */ = {isa = PBXFileReference; lastKnownFileType = sourcecode.swift; path = AppDelegate.swift; sourceTree = "<group>"; };
		300CD6C1217604150075FA2F /* MyShelfViewController.swift */ = {isa = PBXFileReference; lastKnownFileType = sourcecode.swift; path = MyShelfViewController.swift; sourceTree = "<group>"; };
		300CD6C4217604150075FA2F /* Base */ = {isa = PBXFileReference; lastKnownFileType = file.storyboard; name = Base; path = Base.lproj/Main.storyboard; sourceTree = "<group>"; };
		300CD6C7217604150075FA2F /* AmiiboShelf.xcdatamodel */ = {isa = PBXFileReference; lastKnownFileType = wrapper.xcdatamodel; path = AmiiboShelf.xcdatamodel; sourceTree = "<group>"; };
		300CD6C9217604190075FA2F /* Assets.xcassets */ = {isa = PBXFileReference; lastKnownFileType = folder.assetcatalog; path = Assets.xcassets; sourceTree = "<group>"; };
		300CD6CC217604190075FA2F /* Base */ = {isa = PBXFileReference; lastKnownFileType = file.storyboard; name = Base; path = Base.lproj/LaunchScreen.storyboard; sourceTree = "<group>"; };
		300CD6CE217604190075FA2F /* Info.plist */ = {isa = PBXFileReference; lastKnownFileType = text.plist.xml; path = Info.plist; sourceTree = "<group>"; };
		300CD6D3217604190075FA2F /* AmiiboShelfTests.xctest */ = {isa = PBXFileReference; explicitFileType = wrapper.cfbundle; includeInIndex = 0; path = AmiiboShelfTests.xctest; sourceTree = BUILT_PRODUCTS_DIR; };
		300CD6D9217604190075FA2F /* Info.plist */ = {isa = PBXFileReference; lastKnownFileType = text.plist.xml; path = Info.plist; sourceTree = "<group>"; };
		300CD6DE217604190075FA2F /* AmiiboShelfUITests.xctest */ = {isa = PBXFileReference; explicitFileType = wrapper.cfbundle; includeInIndex = 0; path = AmiiboShelfUITests.xctest; sourceTree = BUILT_PRODUCTS_DIR; };
		300CD6E2217604190075FA2F /* AmiiboShelfUITests.swift */ = {isa = PBXFileReference; lastKnownFileType = sourcecode.swift; path = AmiiboShelfUITests.swift; sourceTree = "<group>"; };
		300CD6E4217604190075FA2F /* Info.plist */ = {isa = PBXFileReference; lastKnownFileType = text.plist.xml; path = Info.plist; sourceTree = "<group>"; };
		300CD6F121760C7B0075FA2F /* ShelfItemCollectionViewCell.swift */ = {isa = PBXFileReference; lastKnownFileType = sourcecode.swift; path = ShelfItemCollectionViewCell.swift; sourceTree = "<group>"; };
		300CD6F321760DC60075FA2F /* FigureViewController.swift */ = {isa = PBXFileReference; lastKnownFileType = sourcecode.swift; path = FigureViewController.swift; sourceTree = "<group>"; };
		300CD6F521760DE60075FA2F /* CardViewController.swift */ = {isa = PBXFileReference; lastKnownFileType = sourcecode.swift; path = CardViewController.swift; sourceTree = "<group>"; };
		300CD6F7217614490075FA2F /* FigureItemTableViewCell.swift */ = {isa = PBXFileReference; lastKnownFileType = sourcecode.swift; path = FigureItemTableViewCell.swift; sourceTree = "<group>"; };
		300CD6FD21761CA10075FA2F /* CardItemCollectionViewCell.swift */ = {isa = PBXFileReference; lastKnownFileType = sourcecode.swift; path = CardItemCollectionViewCell.swift; sourceTree = "<group>"; };
		300CD6FF2176208B0075FA2F /* AmiiboDetailViewController.swift */ = {isa = PBXFileReference; lastKnownFileType = sourcecode.swift; path = AmiiboDetailViewController.swift; sourceTree = "<group>"; };
		300CD701217620AD0075FA2F /* AmiiboShelfDelegate.swift */ = {isa = PBXFileReference; lastKnownFileType = sourcecode.swift; path = AmiiboShelfDelegate.swift; sourceTree = "<group>"; };
		300CD706217623F40075FA2F /* AmiiboViewController.swift */ = {isa = PBXFileReference; lastKnownFileType = sourcecode.swift; path = AmiiboViewController.swift; sourceTree = "<group>"; };
		300CD7082176266C0075FA2F /* AmiiboCoreDataManager.swift */ = {isa = PBXFileReference; lastKnownFileType = sourcecode.swift; path = AmiiboCoreDataManager.swift; sourceTree = "<group>"; };
		300CD70B21762D760075FA2F /* AmiiboAPI+Images.swift */ = {isa = PBXFileReference; lastKnownFileType = sourcecode.swift; path = "AmiiboAPI+Images.swift"; sourceTree = "<group>"; };
		300CD711217630D10075FA2F /* Amiibo.swift */ = {isa = PBXFileReference; lastKnownFileType = sourcecode.swift; path = Amiibo.swift; sourceTree = "<group>"; };
		300D0A39217F412300CB2D71 /* AmiiboDataDelegate.swift */ = {isa = PBXFileReference; lastKnownFileType = sourcecode.swift; path = AmiiboDataDelegate.swift; sourceTree = "<group>"; };
		3010429121809BDD003CB121 /* CustomTabBarController.swift */ = {isa = PBXFileReference; lastKnownFileType = sourcecode.swift; path = CustomTabBarController.swift; sourceTree = "<group>"; };
		3019D1E22ADA2F210019296A /* View+Color.swift */ = {isa = PBXFileReference; lastKnownFileType = sourcecode.swift; path = "View+Color.swift"; sourceTree = "<group>"; };
		3019D1E42ADA3D140019296A /* View+Interaction.swift */ = {isa = PBXFileReference; lastKnownFileType = sourcecode.swift; path = "View+Interaction.swift"; sourceTree = "<group>"; };
		3019D1E92ADB1E220019296A /* AmiiboShelfApp+Notifications.swift */ = {isa = PBXFileReference; lastKnownFileType = sourcecode.swift; path = "AmiiboShelfApp+Notifications.swift"; sourceTree = "<group>"; };
		301E31FA2AE08DCB0098DD96 /* Amiibo+Placeholders.swift */ = {isa = PBXFileReference; lastKnownFileType = sourcecode.swift; path = "Amiibo+Placeholders.swift"; sourceTree = "<group>"; };
		301E31FC2AE0BADC0098DD96 /* UIImage+Flags.swift */ = {isa = PBXFileReference; lastKnownFileType = sourcecode.swift; path = "UIImage+Flags.swift"; sourceTree = "<group>"; };
		3020B1EB2ACDD78300028360 /* AmiiboAPI+Endpoint.swift */ = {isa = PBXFileReference; lastKnownFileType = sourcecode.swift; path = "AmiiboAPI+Endpoint.swift"; sourceTree = "<group>"; };
		302756C02AA55571000C241A /* CoreDataManager+Amiibo.swift */ = {isa = PBXFileReference; lastKnownFileType = sourcecode.swift; path = "CoreDataManager+Amiibo.swift"; sourceTree = "<group>"; };
		302EBD242AA65CC200379E8A /* DateFormatter+Amiibo.swift */ = {isa = PBXFileReference; lastKnownFileType = sourcecode.swift; path = "DateFormatter+Amiibo.swift"; sourceTree = "<group>"; };
		303415AC2ABB5C52000FA2F0 /* AmiiboFigureExplorerView.swift */ = {isa = PBXFileReference; lastKnownFileType = sourcecode.swift; path = AmiiboFigureExplorerView.swift; sourceTree = "<group>"; };
		303415AE2ABB5C5F000FA2F0 /* AmiiboCardExplorerView.swift */ = {isa = PBXFileReference; lastKnownFileType = sourcecode.swift; path = AmiiboCardExplorerView.swift; sourceTree = "<group>"; };
		303415B02ABB5C6B000FA2F0 /* MyShelfView.swift */ = {isa = PBXFileReference; lastKnownFileType = sourcecode.swift; path = MyShelfView.swift; sourceTree = "<group>"; };
		303415B22ABBB024000FA2F0 /* AmiiboDetailView.swift */ = {isa = PBXFileReference; lastKnownFileType = sourcecode.swift; path = AmiiboDetailView.swift; sourceTree = "<group>"; };
		308D7BF32ABE4CCF002F7CBA /* AmiiboShelfPreviewContainer.swift */ = {isa = PBXFileReference; lastKnownFileType = sourcecode.swift; path = AmiiboShelfPreviewContainer.swift; sourceTree = "<group>"; };
		308DB0782ABE356800BC8FA4 /* AmiiboShelfDataContainer.swift */ = {isa = PBXFileReference; lastKnownFileType = sourcecode.swift; path = AmiiboShelfDataContainer.swift; sourceTree = "<group>"; };
		3096DC4E2AD9DDEB009E2FA4 /* Amiibo+CoreData.swift */ = {isa = PBXFileReference; lastKnownFileType = sourcecode.swift; path = "Amiibo+CoreData.swift"; sourceTree = "<group>"; };
		30B184E12ABDDD1000C0C4EA /* ReleaseDateInfo.swift */ = {isa = PBXFileReference; lastKnownFileType = sourcecode.swift; path = ReleaseDateInfo.swift; sourceTree = "<group>"; };
		30B184E32ABDEC7600C0C4EA /* SwiftDataManager+Amiibo.swift */ = {isa = PBXFileReference; lastKnownFileType = sourcecode.swift; path = "SwiftDataManager+Amiibo.swift"; sourceTree = "<group>"; };
		30B4591D2ABB3D4E0015AA07 /* AmiiboShelfApp.swift */ = {isa = PBXFileReference; lastKnownFileType = sourcecode.swift; path = AmiiboShelfApp.swift; sourceTree = "<group>"; };
		30B459212ABB3E810015AA07 /* ContentView.swift */ = {isa = PBXFileReference; lastKnownFileType = sourcecode.swift; path = ContentView.swift; sourceTree = "<group>"; };
		30C5D3402AA533610056AFAE /* AmiiboAPI+Model.swift */ = {isa = PBXFileReference; lastKnownFileType = sourcecode.swift; path = "AmiiboAPI+Model.swift"; sourceTree = "<group>"; };
		30E3213C2ACC5C8400639767 /* AmiiboCardView.swift */ = {isa = PBXFileReference; lastKnownFileType = sourcecode.swift; path = AmiiboCardView.swift; sourceTree = "<group>"; };
		30E3213E2ACC5C9500639767 /* AmiiboThumbnailView.swift */ = {isa = PBXFileReference; lastKnownFileType = sourcecode.swift; path = AmiiboThumbnailView.swift; sourceTree = "<group>"; };
		30E321402ACC5D5E00639767 /* AmiiboFigureView.swift */ = {isa = PBXFileReference; lastKnownFileType = sourcecode.swift; path = AmiiboFigureView.swift; sourceTree = "<group>"; };
		30E382FD2ACC7DA70059DF3F /* AmiiboView.swift */ = {isa = PBXFileReference; fileEncoding = 4; lastKnownFileType = sourcecode.swift; path = AmiiboView.swift; sourceTree = "<group>"; };
		30F0622F2ACCBB2900CD151F /* AmiiboExplorerView.swift */ = {isa = PBXFileReference; lastKnownFileType = sourcecode.swift; path = AmiiboExplorerView.swift; sourceTree = "<group>"; };
		30F5426A2AF85B7900A707A8 /* AmiiboAPI+Tests.swift */ = {isa = PBXFileReference; lastKnownFileType = sourcecode.swift; path = "AmiiboAPI+Tests.swift"; sourceTree = "<group>"; };
/* End PBXFileReference section */

/* Begin PBXFrameworksBuildPhase section */
		300CD050217E1D2700955785 /* Frameworks */ = {
			isa = PBXFrameworksBuildPhase;
			buildActionMask = 2147483647;
			files = (
			);
			runOnlyForDeploymentPostprocessing = 0;
		};
		300CD6B9217604150075FA2F /* Frameworks */ = {
			isa = PBXFrameworksBuildPhase;
			buildActionMask = 2147483647;
			files = (
				3020B1EA2ACDD5C700028360 /* Core in Frameworks */,
			);
			runOnlyForDeploymentPostprocessing = 0;
		};
		300CD6D0217604190075FA2F /* Frameworks */ = {
			isa = PBXFrameworksBuildPhase;
			buildActionMask = 2147483647;
			files = (
			);
			runOnlyForDeploymentPostprocessing = 0;
		};
		300CD6DB217604190075FA2F /* Frameworks */ = {
			isa = PBXFrameworksBuildPhase;
			buildActionMask = 2147483647;
			files = (
			);
			runOnlyForDeploymentPostprocessing = 0;
		};
/* End PBXFrameworksBuildPhase section */

/* Begin PBXGroup section */
		300CD054217E1D2700955785 /* AmiiboUpdateService */ = {
			isa = PBXGroup;
			children = (
				300CD055217E1D2700955785 /* NotificationService.swift */,
				300CD057217E1D2700955785 /* Info.plist */,
			);
			path = AmiiboUpdateService;
			sourceTree = "<group>";
		};
		300CD6B3217604150075FA2F = {
			isa = PBXGroup;
			children = (
				300CD6BE217604150075FA2F /* AmiiboShelf */,
				300CD6D6217604190075FA2F /* AmiiboShelfTests */,
				300CD6E1217604190075FA2F /* AmiiboShelfUITests */,
				300CD054217E1D2700955785 /* AmiiboUpdateService */,
				300CD6BD217604150075FA2F /* Products */,
			);
			sourceTree = "<group>";
		};
		300CD6BD217604150075FA2F /* Products */ = {
			isa = PBXGroup;
			children = (
				300CD6BC217604150075FA2F /* AmiiboShelf.app */,
				300CD6D3217604190075FA2F /* AmiiboShelfTests.xctest */,
				300CD6DE217604190075FA2F /* AmiiboShelfUITests.xctest */,
				300CD053217E1D2700955785 /* AmiiboUpdateService.appex */,
			);
			name = Products;
			sourceTree = "<group>";
		};
		300CD6BE217604150075FA2F /* AmiiboShelf */ = {
			isa = PBXGroup;
			children = (
				300CD04E217E0DD300955785 /* AmiiboShelf.entitlements */,
				30E321442ACC637400639767 /* App */,
				30B4591C2ABB3D2D0015AA07 /* SwiftUI */,
				302EBD212AA64E8200379E8A /* Extensions */,
				300CD710217630C10075FA2F /* Model */,
				3020B1ED2ACDE79100028360 /* API */,
				300CD70A21762D4E0075FA2F /* Persistence */,
				30C958F02ABFCAE300245272 /* UIKit */,
				300CD6C9217604190075FA2F /* Assets.xcassets */,
				300CD6CE217604190075FA2F /* Info.plist */,
			);
			path = AmiiboShelf;
			sourceTree = "<group>";
		};
		300CD6D6217604190075FA2F /* AmiiboShelfTests */ = {
			isa = PBXGroup;
			children = (
				30F542692AF85B4F00A707A8 /* API */,
				30F542642AF859CA00A707A8 /* Persistence */,
				300CD6D9217604190075FA2F /* Info.plist */,
			);
			path = AmiiboShelfTests;
			sourceTree = "<group>";
		};
		300CD6E1217604190075FA2F /* AmiiboShelfUITests */ = {
			isa = PBXGroup;
			children = (
				300CD6E2217604190075FA2F /* AmiiboShelfUITests.swift */,
				300CD6E4217604190075FA2F /* Info.plist */,
			);
			path = AmiiboShelfUITests;
			sourceTree = "<group>";
		};
		300CD703217620B50075FA2F /* View Controllers */ = {
			isa = PBXGroup;
			children = (
				300CD706217623F40075FA2F /* AmiiboViewController.swift */,
				300CD6C1217604150075FA2F /* MyShelfViewController.swift */,
				300CD6F321760DC60075FA2F /* FigureViewController.swift */,
				300CD6F521760DE60075FA2F /* CardViewController.swift */,
				300CD6FF2176208B0075FA2F /* AmiiboDetailViewController.swift */,
				300C8DA92179F6A800BB5E54 /* AmiiboPreviewViewController.swift */,
				3010429121809BDD003CB121 /* CustomTabBarController.swift */,
			);
			path = "View Controllers";
			sourceTree = "<group>";
		};
		300CD704217620C80075FA2F /* Cells */ = {
			isa = PBXGroup;
			children = (
				300CD6F121760C7B0075FA2F /* ShelfItemCollectionViewCell.swift */,
				300CD6F7217614490075FA2F /* FigureItemTableViewCell.swift */,
				300CD6FD21761CA10075FA2F /* CardItemCollectionViewCell.swift */,
			);
			path = Cells;
			sourceTree = "<group>";
		};
		300CD705217620DD0075FA2F /* Protocols */ = {
			isa = PBXGroup;
			children = (
				300C8DAC2179FBB600BB5E54 /* AmiiboDisplayProtocol.swift */,
				300CD701217620AD0075FA2F /* AmiiboShelfDelegate.swift */,
				300D0A39217F412300CB2D71 /* AmiiboDataDelegate.swift */,
			);
			path = Protocols;
			sourceTree = "<group>";
		};
		300CD70A21762D4E0075FA2F /* Persistence */ = {
			isa = PBXGroup;
			children = (
				308DB0782ABE356800BC8FA4 /* AmiiboShelfDataContainer.swift */,
				308D7BF32ABE4CCF002F7CBA /* AmiiboShelfPreviewContainer.swift */,
				30B184E32ABDEC7600C0C4EA /* SwiftDataManager+Amiibo.swift */,
			);
			path = Persistence;
			sourceTree = "<group>";
		};
		300CD710217630C10075FA2F /* Model */ = {
			isa = PBXGroup;
			children = (
				300CD711217630D10075FA2F /* Amiibo.swift */,
				3096DC4E2AD9DDEB009E2FA4 /* Amiibo+CoreData.swift */,
				301E31FA2AE08DCB0098DD96 /* Amiibo+Placeholders.swift */,
				30B184E12ABDDD1000C0C4EA /* ReleaseDateInfo.swift */,
			);
			path = Model;
			sourceTree = "<group>";
		};
		3020B1ED2ACDE79100028360 /* API */ = {
			isa = PBXGroup;
			children = (
				300C2A7C217751CA00F29660 /* AmiiboAPI.swift */,
				30C5D3402AA533610056AFAE /* AmiiboAPI+Model.swift */,
				300CD70B21762D760075FA2F /* AmiiboAPI+Images.swift */,
				3020B1EB2ACDD78300028360 /* AmiiboAPI+Endpoint.swift */,
			);
			path = API;
			sourceTree = "<group>";
		};
		302EBD212AA64E8200379E8A /* Extensions */ = {
			isa = PBXGroup;
			children = (
				302EBD242AA65CC200379E8A /* DateFormatter+Amiibo.swift */,
				3019D1E22ADA2F210019296A /* View+Color.swift */,
				3019D1E42ADA3D140019296A /* View+Interaction.swift */,
				301E31FC2AE0BADC0098DD96 /* UIImage+Flags.swift */,
			);
			path = Extensions;
			sourceTree = "<group>";
		};
		308DB07A2ABE3C6100BC8FA4 /* CoreData */ = {
			isa = PBXGroup;
			children = (
				300CD6C6217604150075FA2F /* AmiiboShelf.xcdatamodeld */,
				300CD7082176266C0075FA2F /* AmiiboCoreDataManager.swift */,
				302756C02AA55571000C241A /* CoreDataManager+Amiibo.swift */,
			);
			path = CoreData;
			sourceTree = "<group>";
		};
		30B4591C2ABB3D2D0015AA07 /* SwiftUI */ = {
			isa = PBXGroup;
			children = (
				30E321472ACC680D00639767 /* AmiiboExplore */,
				30E3213B2ACC5C5A00639767 /* AmiiboShow */,
				30E382FC2ACC773E0059DF3F /* LandingPage */,
				30E321482ACC70B700639767 /* MyShelf */,
			);
			path = SwiftUI;
			sourceTree = "<group>";
		};
		30C958F02ABFCAE300245272 /* UIKit */ = {
			isa = PBXGroup;
			children = (
				300CD704217620C80075FA2F /* Cells */,
				308DB07A2ABE3C6100BC8FA4 /* CoreData */,
				300CD705217620DD0075FA2F /* Protocols */,
				300CD703217620B50075FA2F /* View Controllers */,
				300CD6BF217604150075FA2F /* AppDelegate.swift */,
				300CD6C3217604150075FA2F /* Main.storyboard */,
				300CD6CB217604190075FA2F /* LaunchScreen.storyboard */,
			);
			path = UIKit;
			sourceTree = "<group>";
		};
		30E3213B2ACC5C5A00639767 /* AmiiboShow */ = {
			isa = PBXGroup;
			children = (
				30E382FD2ACC7DA70059DF3F /* AmiiboView.swift */,
				30E3213C2ACC5C8400639767 /* AmiiboCardView.swift */,
				303415B22ABBB024000FA2F0 /* AmiiboDetailView.swift */,
				30E3213E2ACC5C9500639767 /* AmiiboThumbnailView.swift */,
				30E321402ACC5D5E00639767 /* AmiiboFigureView.swift */,
			);
			path = AmiiboShow;
			sourceTree = "<group>";
		};
		30E321442ACC637400639767 /* App */ = {
			isa = PBXGroup;
			children = (
				30B4591D2ABB3D4E0015AA07 /* AmiiboShelfApp.swift */,
				3019D1E92ADB1E220019296A /* AmiiboShelfApp+Notifications.swift */,
			);
			path = App;
			sourceTree = "<group>";
		};
		30E321472ACC680D00639767 /* AmiiboExplore */ = {
			isa = PBXGroup;
			children = (
				303415AE2ABB5C5F000FA2F0 /* AmiiboCardExplorerView.swift */,
				303415AC2ABB5C52000FA2F0 /* AmiiboFigureExplorerView.swift */,
				30F0622F2ACCBB2900CD151F /* AmiiboExplorerView.swift */,
			);
			path = AmiiboExplore;
			sourceTree = "<group>";
		};
		30E321482ACC70B700639767 /* MyShelf */ = {
			isa = PBXGroup;
			children = (
				303415B02ABB5C6B000FA2F0 /* MyShelfView.swift */,
			);
			path = MyShelf;
			sourceTree = "<group>";
		};
		30E382FC2ACC773E0059DF3F /* LandingPage */ = {
			isa = PBXGroup;
			children = (
				30B459212ABB3E810015AA07 /* ContentView.swift */,
			);
			path = LandingPage;
			sourceTree = "<group>";
		};
		30F542642AF859CA00A707A8 /* Persistence */ = {
			isa = PBXGroup;
			children = (
			);
			path = Persistence;
			sourceTree = "<group>";
		};
		30F542692AF85B4F00A707A8 /* API */ = {
			isa = PBXGroup;
			children = (
				30F5426A2AF85B7900A707A8 /* AmiiboAPI+Tests.swift */,
			);
			path = API;
			sourceTree = "<group>";
		};
/* End PBXGroup section */

/* Begin PBXNativeTarget section */
		300CD052217E1D2700955785 /* AmiiboUpdateService */ = {
			isa = PBXNativeTarget;
			buildConfigurationList = 300CD05B217E1D2700955785 /* Build configuration list for PBXNativeTarget "AmiiboUpdateService" */;
			buildPhases = (
				300CD04F217E1D2700955785 /* Sources */,
				300CD050217E1D2700955785 /* Frameworks */,
				300CD051217E1D2700955785 /* Resources */,
			);
			buildRules = (
			);
			dependencies = (
			);
			name = AmiiboUpdateService;
			productName = AmiiboUpdateService;
			productReference = 300CD053217E1D2700955785 /* AmiiboUpdateService.appex */;
			productType = "com.apple.product-type.app-extension";
		};
		300CD6BB217604150075FA2F /* AmiiboShelf */ = {
			isa = PBXNativeTarget;
			buildConfigurationList = 300CD6E7217604190075FA2F /* Build configuration list for PBXNativeTarget "AmiiboShelf" */;
			buildPhases = (
				300CD6B8217604150075FA2F /* Sources */,
				300CD6B9217604150075FA2F /* Frameworks */,
				300CD6BA217604150075FA2F /* Resources */,
				300CD05E217E1D2700955785 /* Embed Foundation Extensions */,
			);
			buildRules = (
			);
			dependencies = (
				3019D1E82ADB17790019296A /* PBXTargetDependency */,
				300CD059217E1D2700955785 /* PBXTargetDependency */,
			);
			name = AmiiboShelf;
			packageProductDependencies = (
				3020B1E92ACDD5C700028360 /* Core */,
			);
			productName = AmiiboShelf;
			productReference = 300CD6BC217604150075FA2F /* AmiiboShelf.app */;
			productType = "com.apple.product-type.application";
		};
		300CD6D2217604190075FA2F /* AmiiboShelfTests */ = {
			isa = PBXNativeTarget;
			buildConfigurationList = 300CD6EA217604190075FA2F /* Build configuration list for PBXNativeTarget "AmiiboShelfTests" */;
			buildPhases = (
				300CD6CF217604190075FA2F /* Sources */,
				300CD6D0217604190075FA2F /* Frameworks */,
				300CD6D1217604190075FA2F /* Resources */,
			);
			buildRules = (
			);
			dependencies = (
				300CD6D5217604190075FA2F /* PBXTargetDependency */,
			);
			name = AmiiboShelfTests;
			productName = AmiiboShelfTests;
			productReference = 300CD6D3217604190075FA2F /* AmiiboShelfTests.xctest */;
			productType = "com.apple.product-type.bundle.unit-test";
		};
		300CD6DD217604190075FA2F /* AmiiboShelfUITests */ = {
			isa = PBXNativeTarget;
			buildConfigurationList = 300CD6ED217604190075FA2F /* Build configuration list for PBXNativeTarget "AmiiboShelfUITests" */;
			buildPhases = (
				300CD6DA217604190075FA2F /* Sources */,
				300CD6DB217604190075FA2F /* Frameworks */,
				300CD6DC217604190075FA2F /* Resources */,
			);
			buildRules = (
			);
			dependencies = (
				300CD6E0217604190075FA2F /* PBXTargetDependency */,
			);
			name = AmiiboShelfUITests;
			productName = AmiiboShelfUITests;
			productReference = 300CD6DE217604190075FA2F /* AmiiboShelfUITests.xctest */;
			productType = "com.apple.product-type.bundle.ui-testing";
		};
/* End PBXNativeTarget section */

/* Begin PBXProject section */
		300CD6B4217604150075FA2F /* Project object */ = {
			isa = PBXProject;
			attributes = {
				BuildIndependentTargetsInParallel = YES;
				LastSwiftUpdateCheck = 1000;
				LastUpgradeCheck = 1500;
				ORGANIZATIONNAME = "Martônio Júnior";
				TargetAttributes = {
					300CD052217E1D2700955785 = {
						CreatedOnToolsVersion = 10.0;
						LastSwiftMigration = "";
					};
					300CD6BB217604150075FA2F = {
						CreatedOnToolsVersion = 10.0;
						LastSwiftMigration = "";
						SystemCapabilities = {
							com.apple.BackgroundModes = {
								enabled = 1;
							};
							com.apple.Push = {
								enabled = 1;
							};
						};
					};
					300CD6D2217604190075FA2F = {
						CreatedOnToolsVersion = 10.0;
						LastSwiftMigration = 1500;
						TestTargetID = 300CD6BB217604150075FA2F;
					};
					300CD6DD217604190075FA2F = {
						CreatedOnToolsVersion = 10.0;
						LastSwiftMigration = 1500;
						TestTargetID = 300CD6BB217604150075FA2F;
					};
				};
			};
			buildConfigurationList = 300CD6B7217604150075FA2F /* Build configuration list for PBXProject "AmiiboShelf" */;
			compatibilityVersion = "Xcode 9.3";
			developmentRegion = en;
			hasScannedForEncodings = 0;
			knownRegions = (
				en,
				Base,
			);
			mainGroup = 300CD6B3217604150075FA2F;
			packageReferences = (
				3020B1E82ACDD5C700028360 /* XCLocalSwiftPackageReference "../../Pacotes/Core" */,
				3019D1E62ADB17520019296A /* XCRemoteSwiftPackageReference "SwiftLint" */,
			);
			productRefGroup = 300CD6BD217604150075FA2F /* Products */;
			projectDirPath = "";
			projectRoot = "";
			targets = (
				300CD6BB217604150075FA2F /* AmiiboShelf */,
				300CD6D2217604190075FA2F /* AmiiboShelfTests */,
				300CD6DD217604190075FA2F /* AmiiboShelfUITests */,
				300CD052217E1D2700955785 /* AmiiboUpdateService */,
			);
		};
/* End PBXProject section */

/* Begin PBXResourcesBuildPhase section */
		300CD051217E1D2700955785 /* Resources */ = {
			isa = PBXResourcesBuildPhase;
			buildActionMask = 2147483647;
			files = (
			);
			runOnlyForDeploymentPostprocessing = 0;
		};
		300CD6BA217604150075FA2F /* Resources */ = {
			isa = PBXResourcesBuildPhase;
			buildActionMask = 2147483647;
			files = (
				300CD6CD217604190075FA2F /* LaunchScreen.storyboard in Resources */,
				300CD6CA217604190075FA2F /* Assets.xcassets in Resources */,
				300CD6C5217604150075FA2F /* Main.storyboard in Resources */,
			);
			runOnlyForDeploymentPostprocessing = 0;
		};
		300CD6D1217604190075FA2F /* Resources */ = {
			isa = PBXResourcesBuildPhase;
			buildActionMask = 2147483647;
			files = (
			);
			runOnlyForDeploymentPostprocessing = 0;
		};
		300CD6DC217604190075FA2F /* Resources */ = {
			isa = PBXResourcesBuildPhase;
			buildActionMask = 2147483647;
			files = (
			);
			runOnlyForDeploymentPostprocessing = 0;
		};
/* End PBXResourcesBuildPhase section */

/* Begin PBXSourcesBuildPhase section */
		300CD04F217E1D2700955785 /* Sources */ = {
			isa = PBXSourcesBuildPhase;
			buildActionMask = 2147483647;
			files = (
				300CD056217E1D2700955785 /* NotificationService.swift in Sources */,
			);
			runOnlyForDeploymentPostprocessing = 0;
		};
		300CD6B8217604150075FA2F /* Sources */ = {
			isa = PBXSourcesBuildPhase;
			buildActionMask = 2147483647;
			files = (
				3019D1E32ADA2F210019296A /* View+Color.swift in Sources */,
				303415AF2ABB5C5F000FA2F0 /* AmiiboCardExplorerView.swift in Sources */,
				3020B1EC2ACDD78300028360 /* AmiiboAPI+Endpoint.swift in Sources */,
				308D7BF42ABE4CCF002F7CBA /* AmiiboShelfPreviewContainer.swift in Sources */,
				30B459222ABB3E810015AA07 /* ContentView.swift in Sources */,
				300CD6C2217604150075FA2F /* MyShelfViewController.swift in Sources */,
				300CD6F221760C7B0075FA2F /* ShelfItemCollectionViewCell.swift in Sources */,
				3010429221809BDD003CB121 /* CustomTabBarController.swift in Sources */,
				300C2A7D217751CA00F29660 /* AmiiboAPI.swift in Sources */,
				300D0A3A217F412300CB2D71 /* AmiiboDataDelegate.swift in Sources */,
				300CD712217630D10075FA2F /* Amiibo.swift in Sources */,
				301E31FD2AE0BADC0098DD96 /* UIImage+Flags.swift in Sources */,
				300CD702217620AD0075FA2F /* AmiiboShelfDelegate.swift in Sources */,
				30E3213F2ACC5C9500639767 /* AmiiboThumbnailView.swift in Sources */,
				30E321412ACC5D5E00639767 /* AmiiboFigureView.swift in Sources */,
				300CD70C21762D760075FA2F /* AmiiboAPI+Images.swift in Sources */,
				303415B32ABBB024000FA2F0 /* AmiiboDetailView.swift in Sources */,
				300C8DAD2179FBB600BB5E54 /* AmiiboDisplayProtocol.swift in Sources */,
				30C5D3412AA533610056AFAE /* AmiiboAPI+Model.swift in Sources */,
				300CD7002176208B0075FA2F /* AmiiboDetailViewController.swift in Sources */,
				300CD6F621760DE60075FA2F /* CardViewController.swift in Sources */,
				308DB0792ABE356800BC8FA4 /* AmiiboShelfDataContainer.swift in Sources */,
				303415B12ABB5C6B000FA2F0 /* MyShelfView.swift in Sources */,
				303415AD2ABB5C52000FA2F0 /* AmiiboFigureExplorerView.swift in Sources */,
				30B184E42ABDEC7600C0C4EA /* SwiftDataManager+Amiibo.swift in Sources */,
				3019D1EA2ADB1E220019296A /* AmiiboShelfApp+Notifications.swift in Sources */,
				301E31FB2AE08DCB0098DD96 /* Amiibo+Placeholders.swift in Sources */,
				30E3213D2ACC5C8400639767 /* AmiiboCardView.swift in Sources */,
				30E382FE2ACC7DA70059DF3F /* AmiiboView.swift in Sources */,
				300CD707217623F40075FA2F /* AmiiboViewController.swift in Sources */,
				300CD7092176266C0075FA2F /* AmiiboCoreDataManager.swift in Sources */,
				300C8DAA2179F6A800BB5E54 /* AmiiboPreviewViewController.swift in Sources */,
				300CD6F421760DC60075FA2F /* FigureViewController.swift in Sources */,
				300CD6F8217614490075FA2F /* FigureItemTableViewCell.swift in Sources */,
				3096DC4F2AD9DDEB009E2FA4 /* Amiibo+CoreData.swift in Sources */,
				30B184E22ABDDD1000C0C4EA /* ReleaseDateInfo.swift in Sources */,
				300CD6C8217604150075FA2F /* AmiiboShelf.xcdatamodeld in Sources */,
				30B4591E2ABB3D4E0015AA07 /* AmiiboShelfApp.swift in Sources */,
				300CD6FE21761CA10075FA2F /* CardItemCollectionViewCell.swift in Sources */,
				300CD6C0217604150075FA2F /* AppDelegate.swift in Sources */,
				302EBD252AA65CC200379E8A /* DateFormatter+Amiibo.swift in Sources */,
				3019D1E52ADA3D140019296A /* View+Interaction.swift in Sources */,
				302756C12AA55571000C241A /* CoreDataManager+Amiibo.swift in Sources */,
				30F062302ACCBB2900CD151F /* AmiiboExplorerView.swift in Sources */,
			);
			runOnlyForDeploymentPostprocessing = 0;
		};
		300CD6CF217604190075FA2F /* Sources */ = {
			isa = PBXSourcesBuildPhase;
			buildActionMask = 2147483647;
			files = (
				30F5426B2AF85B7900A707A8 /* AmiiboAPI+Tests.swift in Sources */,
			);
			runOnlyForDeploymentPostprocessing = 0;
		};
		300CD6DA217604190075FA2F /* Sources */ = {
			isa = PBXSourcesBuildPhase;
			buildActionMask = 2147483647;
			files = (
				300CD6E3217604190075FA2F /* AmiiboShelfUITests.swift in Sources */,
			);
			runOnlyForDeploymentPostprocessing = 0;
		};
/* End PBXSourcesBuildPhase section */

/* Begin PBXTargetDependency section */
		300CD059217E1D2700955785 /* PBXTargetDependency */ = {
			isa = PBXTargetDependency;
			target = 300CD052217E1D2700955785 /* AmiiboUpdateService */;
			targetProxy = 300CD058217E1D2700955785 /* PBXContainerItemProxy */;
		};
		300CD6D5217604190075FA2F /* PBXTargetDependency */ = {
			isa = PBXTargetDependency;
			target = 300CD6BB217604150075FA2F /* AmiiboShelf */;
			targetProxy = 300CD6D4217604190075FA2F /* PBXContainerItemProxy */;
		};
		300CD6E0217604190075FA2F /* PBXTargetDependency */ = {
			isa = PBXTargetDependency;
			target = 300CD6BB217604150075FA2F /* AmiiboShelf */;
			targetProxy = 300CD6DF217604190075FA2F /* PBXContainerItemProxy */;
		};
		3019D1E82ADB17790019296A /* PBXTargetDependency */ = {
			isa = PBXTargetDependency;
			productRef = 3019D1E72ADB17790019296A /* SwiftLintPlugin */;
		};
/* End PBXTargetDependency section */

/* Begin PBXVariantGroup section */
		300CD6C3217604150075FA2F /* Main.storyboard */ = {
			isa = PBXVariantGroup;
			children = (
				300CD6C4217604150075FA2F /* Base */,
			);
			name = Main.storyboard;
			sourceTree = "<group>";
		};
		300CD6CB217604190075FA2F /* LaunchScreen.storyboard */ = {
			isa = PBXVariantGroup;
			children = (
				300CD6CC217604190075FA2F /* Base */,
			);
			name = LaunchScreen.storyboard;
			sourceTree = "<group>";
		};
/* End PBXVariantGroup section */

/* Begin XCBuildConfiguration section */
		300CD05C217E1D2700955785 /* Debug */ = {
			isa = XCBuildConfiguration;
			buildSettings = {
				CODE_SIGN_STYLE = Automatic;
				DEVELOPMENT_TEAM = U3BJSYBS9R;
				INFOPLIST_FILE = AmiiboUpdateService/Info.plist;
				IPHONEOS_DEPLOYMENT_TARGET = 17.0;
				LD_RUNPATH_SEARCH_PATHS = (
					"$(inherited)",
					"@executable_path/Frameworks",
					"@executable_path/../../Frameworks",
				);
				PRODUCT_BUNDLE_IDENTIFIER = martonioacademy.AmiiboShelf.AmiiboUpdateService;
				PRODUCT_NAME = "$(TARGET_NAME)";
				SKIP_INSTALL = YES;
				SWIFT_VERSION = 5.0;
				TARGETED_DEVICE_FAMILY = "1,2";
			};
			name = Debug;
		};
		300CD05D217E1D2700955785 /* Release */ = {
			isa = XCBuildConfiguration;
			buildSettings = {
				CODE_SIGN_STYLE = Automatic;
				DEVELOPMENT_TEAM = U3BJSYBS9R;
				INFOPLIST_FILE = AmiiboUpdateService/Info.plist;
				IPHONEOS_DEPLOYMENT_TARGET = 17.0;
				LD_RUNPATH_SEARCH_PATHS = (
					"$(inherited)",
					"@executable_path/Frameworks",
					"@executable_path/../../Frameworks",
				);
				PRODUCT_BUNDLE_IDENTIFIER = martonioacademy.AmiiboShelf.AmiiboUpdateService;
				PRODUCT_NAME = "$(TARGET_NAME)";
				SKIP_INSTALL = YES;
				SWIFT_VERSION = 5.0;
				TARGETED_DEVICE_FAMILY = "1,2";
			};
			name = Release;
		};
		300CD6E5217604190075FA2F /* Debug */ = {
			isa = XCBuildConfiguration;
			buildSettings = {
				ALWAYS_SEARCH_USER_PATHS = NO;
				ASSETCATALOG_COMPILER_GENERATE_SWIFT_ASSET_SYMBOL_EXTENSIONS = YES;
				CLANG_ANALYZER_NONNULL = YES;
				CLANG_ANALYZER_NUMBER_OBJECT_CONVERSION = YES_AGGRESSIVE;
				CLANG_CXX_LANGUAGE_STANDARD = "gnu++14";
				CLANG_CXX_LIBRARY = "libc++";
				CLANG_ENABLE_MODULES = YES;
				CLANG_ENABLE_OBJC_ARC = YES;
				CLANG_ENABLE_OBJC_WEAK = YES;
				CLANG_WARN_BLOCK_CAPTURE_AUTORELEASING = YES;
				CLANG_WARN_BOOL_CONVERSION = YES;
				CLANG_WARN_COMMA = YES;
				CLANG_WARN_CONSTANT_CONVERSION = YES;
				CLANG_WARN_DEPRECATED_OBJC_IMPLEMENTATIONS = YES;
				CLANG_WARN_DIRECT_OBJC_ISA_USAGE = YES_ERROR;
				CLANG_WARN_DOCUMENTATION_COMMENTS = YES;
				CLANG_WARN_EMPTY_BODY = YES;
				CLANG_WARN_ENUM_CONVERSION = YES;
				CLANG_WARN_INFINITE_RECURSION = YES;
				CLANG_WARN_INT_CONVERSION = YES;
				CLANG_WARN_NON_LITERAL_NULL_CONVERSION = YES;
				CLANG_WARN_OBJC_IMPLICIT_RETAIN_SELF = YES;
				CLANG_WARN_OBJC_LITERAL_CONVERSION = YES;
				CLANG_WARN_OBJC_ROOT_CLASS = YES_ERROR;
				CLANG_WARN_QUOTED_INCLUDE_IN_FRAMEWORK_HEADER = YES;
				CLANG_WARN_RANGE_LOOP_ANALYSIS = YES;
				CLANG_WARN_STRICT_PROTOTYPES = YES;
				CLANG_WARN_SUSPICIOUS_MOVE = YES;
				CLANG_WARN_UNGUARDED_AVAILABILITY = YES_AGGRESSIVE;
				CLANG_WARN_UNREACHABLE_CODE = YES;
				CLANG_WARN__DUPLICATE_METHOD_MATCH = YES;
				CODE_SIGN_IDENTITY = "iPhone Developer";
				COPY_PHASE_STRIP = NO;
				DEBUG_INFORMATION_FORMAT = dwarf;
				ENABLE_STRICT_OBJC_MSGSEND = YES;
				ENABLE_TESTABILITY = YES;
				ENABLE_USER_SCRIPT_SANDBOXING = YES;
				GCC_C_LANGUAGE_STANDARD = gnu11;
				GCC_DYNAMIC_NO_PIC = NO;
				GCC_NO_COMMON_BLOCKS = YES;
				GCC_OPTIMIZATION_LEVEL = 0;
				GCC_PREPROCESSOR_DEFINITIONS = (
					"DEBUG=1",
					"$(inherited)",
				);
				GCC_WARN_64_TO_32_BIT_CONVERSION = YES;
				GCC_WARN_ABOUT_RETURN_TYPE = YES_ERROR;
				GCC_WARN_UNDECLARED_SELECTOR = YES;
				GCC_WARN_UNINITIALIZED_AUTOS = YES_AGGRESSIVE;
				GCC_WARN_UNUSED_FUNCTION = YES;
				GCC_WARN_UNUSED_VARIABLE = YES;
				IPHONEOS_DEPLOYMENT_TARGET = 12.0;
				MTL_ENABLE_DEBUG_INFO = INCLUDE_SOURCE;
				MTL_FAST_MATH = YES;
				ONLY_ACTIVE_ARCH = YES;
				SDKROOT = iphoneos;
				SWIFT_ACTIVE_COMPILATION_CONDITIONS = DEBUG;
				SWIFT_OPTIMIZATION_LEVEL = "-Onone";
			};
			name = Debug;
		};
		300CD6E6217604190075FA2F /* Release */ = {
			isa = XCBuildConfiguration;
			buildSettings = {
				ALWAYS_SEARCH_USER_PATHS = NO;
				ASSETCATALOG_COMPILER_GENERATE_SWIFT_ASSET_SYMBOL_EXTENSIONS = YES;
				CLANG_ANALYZER_NONNULL = YES;
				CLANG_ANALYZER_NUMBER_OBJECT_CONVERSION = YES_AGGRESSIVE;
				CLANG_CXX_LANGUAGE_STANDARD = "gnu++14";
				CLANG_CXX_LIBRARY = "libc++";
				CLANG_ENABLE_MODULES = YES;
				CLANG_ENABLE_OBJC_ARC = YES;
				CLANG_ENABLE_OBJC_WEAK = YES;
				CLANG_WARN_BLOCK_CAPTURE_AUTORELEASING = YES;
				CLANG_WARN_BOOL_CONVERSION = YES;
				CLANG_WARN_COMMA = YES;
				CLANG_WARN_CONSTANT_CONVERSION = YES;
				CLANG_WARN_DEPRECATED_OBJC_IMPLEMENTATIONS = YES;
				CLANG_WARN_DIRECT_OBJC_ISA_USAGE = YES_ERROR;
				CLANG_WARN_DOCUMENTATION_COMMENTS = YES;
				CLANG_WARN_EMPTY_BODY = YES;
				CLANG_WARN_ENUM_CONVERSION = YES;
				CLANG_WARN_INFINITE_RECURSION = YES;
				CLANG_WARN_INT_CONVERSION = YES;
				CLANG_WARN_NON_LITERAL_NULL_CONVERSION = YES;
				CLANG_WARN_OBJC_IMPLICIT_RETAIN_SELF = YES;
				CLANG_WARN_OBJC_LITERAL_CONVERSION = YES;
				CLANG_WARN_OBJC_ROOT_CLASS = YES_ERROR;
				CLANG_WARN_QUOTED_INCLUDE_IN_FRAMEWORK_HEADER = YES;
				CLANG_WARN_RANGE_LOOP_ANALYSIS = YES;
				CLANG_WARN_STRICT_PROTOTYPES = YES;
				CLANG_WARN_SUSPICIOUS_MOVE = YES;
				CLANG_WARN_UNGUARDED_AVAILABILITY = YES_AGGRESSIVE;
				CLANG_WARN_UNREACHABLE_CODE = YES;
				CLANG_WARN__DUPLICATE_METHOD_MATCH = YES;
				CODE_SIGN_IDENTITY = "iPhone Developer";
				COPY_PHASE_STRIP = NO;
				DEBUG_INFORMATION_FORMAT = "dwarf-with-dsym";
				ENABLE_NS_ASSERTIONS = NO;
				ENABLE_STRICT_OBJC_MSGSEND = YES;
				ENABLE_USER_SCRIPT_SANDBOXING = YES;
				GCC_C_LANGUAGE_STANDARD = gnu11;
				GCC_NO_COMMON_BLOCKS = YES;
				GCC_WARN_64_TO_32_BIT_CONVERSION = YES;
				GCC_WARN_ABOUT_RETURN_TYPE = YES_ERROR;
				GCC_WARN_UNDECLARED_SELECTOR = YES;
				GCC_WARN_UNINITIALIZED_AUTOS = YES_AGGRESSIVE;
				GCC_WARN_UNUSED_FUNCTION = YES;
				GCC_WARN_UNUSED_VARIABLE = YES;
				IPHONEOS_DEPLOYMENT_TARGET = 12.0;
				MTL_ENABLE_DEBUG_INFO = NO;
				MTL_FAST_MATH = YES;
				SDKROOT = iphoneos;
				SWIFT_COMPILATION_MODE = wholemodule;
				SWIFT_OPTIMIZATION_LEVEL = "-O";
				VALIDATE_PRODUCT = YES;
			};
			name = Release;
		};
		300CD6E8217604190075FA2F /* Debug */ = {
			isa = XCBuildConfiguration;
			buildSettings = {
				ALWAYS_EMBED_SWIFT_STANDARD_LIBRARIES = YES;
				ASSETCATALOG_COMPILER_APPICON_NAME = AppIcon;
				CODE_SIGN_ENTITLEMENTS = AmiiboShelf/AmiiboShelf.entitlements;
				CODE_SIGN_STYLE = Automatic;
				DEVELOPMENT_TEAM = U3BJSYBS9R;
				INFOPLIST_FILE = AmiiboShelf/Info.plist;
				IPHONEOS_DEPLOYMENT_TARGET = 17.0;
				LD_RUNPATH_SEARCH_PATHS = (
					"$(inherited)",
					"@executable_path/Frameworks",
				);
				PRODUCT_BUNDLE_IDENTIFIER = martonioacademy.AmiiboShelf;
				PRODUCT_NAME = "$(TARGET_NAME)";
				SWIFT_VERSION = 5.0;
				TARGETED_DEVICE_FAMILY = "1,2";
			};
			name = Debug;
		};
		300CD6E9217604190075FA2F /* Release */ = {
			isa = XCBuildConfiguration;
			buildSettings = {
				ALWAYS_EMBED_SWIFT_STANDARD_LIBRARIES = YES;
				ASSETCATALOG_COMPILER_APPICON_NAME = AppIcon;
				CODE_SIGN_ENTITLEMENTS = AmiiboShelf/AmiiboShelf.entitlements;
				CODE_SIGN_STYLE = Automatic;
				DEVELOPMENT_TEAM = U3BJSYBS9R;
				INFOPLIST_FILE = AmiiboShelf/Info.plist;
				IPHONEOS_DEPLOYMENT_TARGET = 17.0;
				LD_RUNPATH_SEARCH_PATHS = (
					"$(inherited)",
					"@executable_path/Frameworks",
				);
				PRODUCT_BUNDLE_IDENTIFIER = martonioacademy.AmiiboShelf;
				PRODUCT_NAME = "$(TARGET_NAME)";
				SWIFT_VERSION = 5.0;
				TARGETED_DEVICE_FAMILY = "1,2";
			};
			name = Release;
		};
		300CD6EB217604190075FA2F /* Debug */ = {
			isa = XCBuildConfiguration;
			buildSettings = {
				ALWAYS_EMBED_SWIFT_STANDARD_LIBRARIES = YES;
				BUNDLE_LOADER = "$(TEST_HOST)";
				CODE_SIGN_STYLE = Automatic;
				DEVELOPMENT_TEAM = U3BJSYBS9R;
				INFOPLIST_FILE = AmiiboShelfTests/Info.plist;
				IPHONEOS_DEPLOYMENT_TARGET = 17.0;
				LD_RUNPATH_SEARCH_PATHS = (
					"$(inherited)",
					"@executable_path/Frameworks",
					"@loader_path/Frameworks",
				);
				PRODUCT_BUNDLE_IDENTIFIER = martonioacademy.AmiiboShelfTests;
				PRODUCT_NAME = "$(TARGET_NAME)";
				SWIFT_VERSION = 5.0;
				TARGETED_DEVICE_FAMILY = "1,2";
				TEST_HOST = "$(BUILT_PRODUCTS_DIR)/AmiiboShelf.app/AmiiboShelf";
			};
			name = Debug;
		};
		300CD6EC217604190075FA2F /* Release */ = {
			isa = XCBuildConfiguration;
			buildSettings = {
				ALWAYS_EMBED_SWIFT_STANDARD_LIBRARIES = YES;
				BUNDLE_LOADER = "$(TEST_HOST)";
				CODE_SIGN_STYLE = Automatic;
				DEVELOPMENT_TEAM = U3BJSYBS9R;
				INFOPLIST_FILE = AmiiboShelfTests/Info.plist;
				IPHONEOS_DEPLOYMENT_TARGET = 17.0;
				LD_RUNPATH_SEARCH_PATHS = (
					"$(inherited)",
					"@executable_path/Frameworks",
					"@loader_path/Frameworks",
				);
				PRODUCT_BUNDLE_IDENTIFIER = martonioacademy.AmiiboShelfTests;
				PRODUCT_NAME = "$(TARGET_NAME)";
				SWIFT_VERSION = 5.0;
				TARGETED_DEVICE_FAMILY = "1,2";
				TEST_HOST = "$(BUILT_PRODUCTS_DIR)/AmiiboShelf.app/AmiiboShelf";
			};
			name = Release;
		};
		300CD6EE217604190075FA2F /* Debug */ = {
			isa = XCBuildConfiguration;
			buildSettings = {
				ALWAYS_EMBED_SWIFT_STANDARD_LIBRARIES = YES;
				CODE_SIGN_STYLE = Automatic;
				DEVELOPMENT_TEAM = U3BJSYBS9R;
				INFOPLIST_FILE = AmiiboShelfUITests/Info.plist;
				IPHONEOS_DEPLOYMENT_TARGET = 17.0;
				LD_RUNPATH_SEARCH_PATHS = (
					"$(inherited)",
					"@executable_path/Frameworks",
					"@loader_path/Frameworks",
				);
				PRODUCT_BUNDLE_IDENTIFIER = martonioacademy.AmiiboShelfUITests;
				PRODUCT_NAME = "$(TARGET_NAME)";
				SWIFT_VERSION = 5.0;
				TARGETED_DEVICE_FAMILY = "1,2";
				TEST_TARGET_NAME = AmiiboShelf;
			};
			name = Debug;
		};
		300CD6EF217604190075FA2F /* Release */ = {
			isa = XCBuildConfiguration;
			buildSettings = {
				ALWAYS_EMBED_SWIFT_STANDARD_LIBRARIES = YES;
				CODE_SIGN_STYLE = Automatic;
				DEVELOPMENT_TEAM = U3BJSYBS9R;
				INFOPLIST_FILE = AmiiboShelfUITests/Info.plist;
				IPHONEOS_DEPLOYMENT_TARGET = 17.0;
				LD_RUNPATH_SEARCH_PATHS = (
					"$(inherited)",
					"@executable_path/Frameworks",
					"@loader_path/Frameworks",
				);
				PRODUCT_BUNDLE_IDENTIFIER = martonioacademy.AmiiboShelfUITests;
				PRODUCT_NAME = "$(TARGET_NAME)";
				SWIFT_VERSION = 5.0;
				TARGETED_DEVICE_FAMILY = "1,2";
				TEST_TARGET_NAME = AmiiboShelf;
			};
			name = Release;
		};
/* End XCBuildConfiguration section */

/* Begin XCConfigurationList section */
		300CD05B217E1D2700955785 /* Build configuration list for PBXNativeTarget "AmiiboUpdateService" */ = {
			isa = XCConfigurationList;
			buildConfigurations = (
				300CD05C217E1D2700955785 /* Debug */,
				300CD05D217E1D2700955785 /* Release */,
			);
			defaultConfigurationIsVisible = 0;
			defaultConfigurationName = Release;
		};
		300CD6B7217604150075FA2F /* Build configuration list for PBXProject "AmiiboShelf" */ = {
			isa = XCConfigurationList;
			buildConfigurations = (
				300CD6E5217604190075FA2F /* Debug */,
				300CD6E6217604190075FA2F /* Release */,
			);
			defaultConfigurationIsVisible = 0;
			defaultConfigurationName = Release;
		};
		300CD6E7217604190075FA2F /* Build configuration list for PBXNativeTarget "AmiiboShelf" */ = {
			isa = XCConfigurationList;
			buildConfigurations = (
				300CD6E8217604190075FA2F /* Debug */,
				300CD6E9217604190075FA2F /* Release */,
			);
			defaultConfigurationIsVisible = 0;
			defaultConfigurationName = Release;
		};
		300CD6EA217604190075FA2F /* Build configuration list for PBXNativeTarget "AmiiboShelfTests" */ = {
			isa = XCConfigurationList;
			buildConfigurations = (
				300CD6EB217604190075FA2F /* Debug */,
				300CD6EC217604190075FA2F /* Release */,
			);
			defaultConfigurationIsVisible = 0;
			defaultConfigurationName = Release;
		};
		300CD6ED217604190075FA2F /* Build configuration list for PBXNativeTarget "AmiiboShelfUITests" */ = {
			isa = XCConfigurationList;
			buildConfigurations = (
				300CD6EE217604190075FA2F /* Debug */,
				300CD6EF217604190075FA2F /* Release */,
			);
			defaultConfigurationIsVisible = 0;
			defaultConfigurationName = Release;
		};
/* End XCConfigurationList section */

/* Begin XCLocalSwiftPackageReference section */
		3020B1E82ACDD5C700028360 /* XCLocalSwiftPackageReference "../../Pacotes/Core" */ = {
			isa = XCLocalSwiftPackageReference;
			relativePath = ../../Pacotes/Core;
		};
/* End XCLocalSwiftPackageReference section */

/* Begin XCRemoteSwiftPackageReference section */
		3019D1E62ADB17520019296A /* XCRemoteSwiftPackageReference "SwiftLint" */ = {
			isa = XCRemoteSwiftPackageReference;
			repositoryURL = "https://github.com/realm/SwiftLint";
			requirement = {
				kind = upToNextMajorVersion;
				minimumVersion = 0.53.0;
			};
		};
/* End XCRemoteSwiftPackageReference section */

/* Begin XCSwiftPackageProductDependency section */
		3019D1E72ADB17790019296A /* SwiftLintPlugin */ = {
			isa = XCSwiftPackageProductDependency;
			package = 3019D1E62ADB17520019296A /* XCRemoteSwiftPackageReference "SwiftLint" */;
			productName = "plugin:SwiftLintPlugin";
		};
		3020B1E92ACDD5C700028360 /* Core */ = {
			isa = XCSwiftPackageProductDependency;
			productName = Core;
		};
/* End XCSwiftPackageProductDependency section */

/* Begin XCVersionGroup section */
		300CD6C6217604150075FA2F /* AmiiboShelf.xcdatamodeld */ = {
			isa = XCVersionGroup;
			children = (
				300CD6C7217604150075FA2F /* AmiiboShelf.xcdatamodel */,
			);
			currentVersion = 300CD6C7217604150075FA2F /* AmiiboShelf.xcdatamodel */;
			path = AmiiboShelf.xcdatamodeld;
			sourceTree = "<group>";
			versionGroupType = wrapper.xcdatamodel;
		};
/* End XCVersionGroup section */
	};
	rootObject = 300CD6B4217604150075FA2F /* Project object */;
}
